
Microsoft Visual Studio Solution File, Format Version 12.00
# Visual Studio Version 16
VisualStudioVersion = 16.0.31019.35
MinimumVisualStudioVersion = 10.0.40219.1
Project("{FAE04EC0-301F-11D3-BF4B-00C04F79EFBC}") = "Chapter13App", "Chapter13App\Chapter13App.csproj", "{918EE8D9-093E-42A3-98DA-57C38FB9C945}"
EndProject
Project("{FAE04EC0-301F-11D3-BF4B-00C04F79EFBC}") = "CallbackTestApp", "CallbackTestApp\CallbackTestApp.csproj", "{B3FA336D-98E3-4B40-8A42-01150D9AF18A}"
EndProject
Project("{FAE04EC0-301F-11D3-BF4B-00C04F79EFBC}") = "CallbackMethodApp", "CallbackMethodApp\CallbackMethodApp.csproj", "{E938B76D-6BF5-424D-B93E-12F4C28C0BD3}"
EndProject
Global
	GlobalSection(SolutionConfigurationPlatforms) = preSolution
		Debug|Any CPU = Debug|Any CPU
		Release|Any CPU = Release|Any CPU
	EndGlobalSection
	GlobalSection(ProjectConfigurationPlatforms) = postSolution
		{918EE8D9-093E-42A3-98DA-57C38FB9C945}.Debug|Any CPU.ActiveCfg = Debug|Any CPU
		{918EE8D9-093E-42A3-98DA-57C38FB9C945}.Debug|Any CPU.Build.0 = Debug|Any CPU
		{918EE8D9-093E-42A3-98DA-57C38FB9C945}.Release|Any CPU.ActiveCfg = Release|Any CPU
		{918EE8D9-093E-42A3-98DA-57C38FB9C945}.Release|Any CPU.Build.0 = Release|Any CPU
		{B3FA336D-98E3-4B40-8A42-01150D9AF18A}.Debug|Any CPU.ActiveCfg = Debug|Any CPU
		{B3FA336D-98E3-4B40-8A42-01150D9AF18A}.Debug|Any CPU.Build.0 = Debug|Any CPU
		{B3FA336D-98E3-4B40-8A42-01150D9AF18A}.Release|Any CPU.ActiveCfg = Release|Any CPU
		{B3FA336D-98E3-4B40-8A42-01150D9AF18A}.Release|Any CPU.Build.0 = Release|Any CPU
		{E938B76D-6BF5-424D-B93E-12F4C28C0BD3}.Debug|Any CPU.ActiveCfg = Debug|Any CPU
		{E938B76D-6BF5-424D-B93E-12F4C28C0BD3}.Debug|Any CPU.Build.0 = Debug|Any CPU
		{E938B76D-6BF5-424D-B93E-12F4C28C0BD3}.Release|Any CPU.ActiveCfg = Release|Any CPU
		{E938B76D-6BF5-424D-B93E-12F4C28C0BD3}.Release|Any CPU.Build.0 = Release|Any CPU
	EndGlobalSection
	GlobalSection(SolutionProperties) = preSolution
		HideSolutionNode = FALSE
	EndGlobalSection
	GlobalSection(ExtensibilityGlobals) = postSolution
		SolutionGuid = {3145A68A-DCE1-44AB-8829-B8450AC2AB7F}
	EndGlobalSection
EndGlobal
