
Microsoft Visual Studio Solution File, Format Version 12.00
# Visual Studio Version 16
VisualStudioVersion = 16.0.31019.35
MinimumVisualStudioVersion = 10.0.40219.1
Project("{FAE04EC0-301F-11D3-BF4B-00C04F79EFBC}") = "Chapter13App", "Chapter13App\Chapter13App.csproj", "{918EE8D9-093E-42A3-98DA-57C38FB9C945}"
EndProject
Project("{9A19103F-16F7-4668-BE54-9A1E7A4F7556}") = "CallbackTestApp", "CallbackTestApp\CallbackTestApp.csproj", "{B3FA336D-98E3-4B40-8A42-01150D9AF18A}"
EndProject
Project("{9A19103F-16F7-4668-BE54-9A1E7A4F7556}") = "CallbackMethodApp", "CallbackMethodApp\CallbackMethodApp.csproj", "{E938B76D-6BF5-424D-B93E-12F4C28C0BD3}"
EndProject
Project("{FAE04EC0-301F-11D3-BF4B-00C04F79EFBC}") = "DelegateChain", "DelegateOperateApp\DelegateChain.csproj", "{285CBD29-48D8-44A2-87B2-32F528F85BA5}"
EndProject
Project("{FAE04EC0-301F-11D3-BF4B-00C04F79EFBC}") = "DelegateChain2App", "DelegateChain2App\DelegateChain2App.csproj", "{79C1ABFE-8A92-4FC4-83DE-9DC398FBB7EF}"
EndProject
Project("{FAE04EC0-301F-11D3-BF4B-00C04F79EFBC}") = "UsingEventApp", "UsingEventApp\UsingEventApp.csproj", "{7DC10EA7-8EA0-4793-9652-E45FD1DAD9E3}"
EndProject
Global
	GlobalSection(SolutionConfigurationPlatforms) = preSolution
		Debug|Any CPU = Debug|Any CPU
		Release|Any CPU = Release|Any CPU
	EndGlobalSection
	GlobalSection(ProjectConfigurationPlatforms) = postSolution
		{918EE8D9-093E-42A3-98DA-57C38FB9C945}.Debug|Any CPU.ActiveCfg = Debug|Any CPU
		{918EE8D9-093E-42A3-98DA-57C38FB9C945}.Debug|Any CPU.Build.0 = Debug|Any CPU
		{918EE8D9-093E-42A3-98DA-57C38FB9C945}.Release|Any CPU.ActiveCfg = Release|Any CPU
		{918EE8D9-093E-42A3-98DA-57C38FB9C945}.Release|Any CPU.Build.0 = Release|Any CPU
		{B3FA336D-98E3-4B40-8A42-01150D9AF18A}.Debug|Any CPU.ActiveCfg = Debug|Any CPU
		{B3FA336D-98E3-4B40-8A42-01150D9AF18A}.Debug|Any CPU.Build.0 = Debug|Any CPU
		{B3FA336D-98E3-4B40-8A42-01150D9AF18A}.Release|Any CPU.ActiveCfg = Release|Any CPU
		{B3FA336D-98E3-4B40-8A42-01150D9AF18A}.Release|Any CPU.Build.0 = Release|Any CPU
		{E938B76D-6BF5-424D-B93E-12F4C28C0BD3}.Debug|Any CPU.ActiveCfg = Debug|Any CPU
		{E938B76D-6BF5-424D-B93E-12F4C28C0BD3}.Debug|Any CPU.Build.0 = Debug|Any CPU
		{E938B76D-6BF5-424D-B93E-12F4C28C0BD3}.Release|Any CPU.ActiveCfg = Release|Any CPU
		{E938B76D-6BF5-424D-B93E-12F4C28C0BD3}.Release|Any CPU.Build.0 = Release|Any CPU
		{285CBD29-48D8-44A2-87B2-32F528F85BA5}.Debug|Any CPU.ActiveCfg = Debug|Any CPU
		{285CBD29-48D8-44A2-87B2-32F528F85BA5}.Debug|Any CPU.Build.0 = Debug|Any CPU
		{285CBD29-48D8-44A2-87B2-32F528F85BA5}.Release|Any CPU.ActiveCfg = Release|Any CPU
		{285CBD29-48D8-44A2-87B2-32F528F85BA5}.Release|Any CPU.Build.0 = Release|Any CPU
		{79C1ABFE-8A92-4FC4-83DE-9DC398FBB7EF}.Debug|Any CPU.ActiveCfg = Debug|Any CPU
		{79C1ABFE-8A92-4FC4-83DE-9DC398FBB7EF}.Debug|Any CPU.Build.0 = Debug|Any CPU
		{79C1ABFE-8A92-4FC4-83DE-9DC398FBB7EF}.Release|Any CPU.ActiveCfg = Release|Any CPU
		{79C1ABFE-8A92-4FC4-83DE-9DC398FBB7EF}.Release|Any CPU.Build.0 = Release|Any CPU
		{7DC10EA7-8EA0-4793-9652-E45FD1DAD9E3}.Debug|Any CPU.ActiveCfg = Debug|Any CPU
		{7DC10EA7-8EA0-4793-9652-E45FD1DAD9E3}.Debug|Any CPU.Build.0 = Debug|Any CPU
		{7DC10EA7-8EA0-4793-9652-E45FD1DAD9E3}.Release|Any CPU.ActiveCfg = Release|Any CPU
		{7DC10EA7-8EA0-4793-9652-E45FD1DAD9E3}.Release|Any CPU.Build.0 = Release|Any CPU
	EndGlobalSection
	GlobalSection(SolutionProperties) = preSolution
		HideSolutionNode = FALSE
	EndGlobalSection
	GlobalSection(ExtensibilityGlobals) = postSolution
		SolutionGuid = {3145A68A-DCE1-44AB-8829-B8450AC2AB7F}
	EndGlobalSection
EndGlobal
